
Microsoft Visual Studio Solution File, Format Version 12.00
# Visual Studio Version 16
VisualStudioVersion = 16.0.29806.167
MinimumVisualStudioVersion = 10.0.40219.1
Project("{FAE04EC0-301F-11D3-BF4B-00C04F79EFBC}") = "DevOpsDemo", "DevOpsDemo\DevOpsDemo.csproj", "{4A9F22F3-F8DF-47AA-B2A6-C3A9F747B9E1}"
EndProject
Project("{FAE04EC0-301F-11D3-BF4B-00C04F79EFBC}") = "DevOpsDemo.Test", "DevOpsDemo.Test\DevOpsDemo.Test.csproj", "{A439ACC3-5317-4A53-B9FE-B1A800D21BC2}"
EndProject
Global
	GlobalSection(SolutionConfigurationPlatforms) = preSolution
		Debug|Any CPU = Debug|Any CPU
		Release|Any CPU = Release|Any CPU
	EndGlobalSection
	GlobalSection(ProjectConfigurationPlatforms) = postSolution
		{4A9F22F3-F8DF-47AA-B2A6-C3A9F747B9E1}.Debug|Any CPU.ActiveCfg = Debug|Any CPU
		{4A9F22F3-F8DF-47AA-B2A6-C3A9F747B9E1}.Debug|Any CPU.Build.0 = Debug|Any CPU
		{4A9F22F3-F8DF-47AA-B2A6-C3A9F747B9E1}.Release|Any CPU.ActiveCfg = Release|Any CPU
		{4A9F22F3-F8DF-47AA-B2A6-C3A9F747B9E1}.Release|Any CPU.Build.0 = Release|Any CPU
		{A439ACC3-5317-4A53-B9FE-B1A800D21BC2}.Debug|Any CPU.ActiveCfg = Debug|Any CPU
		{A439ACC3-5317-4A53-B9FE-B1A800D21BC2}.Debug|Any CPU.Build.0 = Debug|Any CPU
		{A439ACC3-5317-4A53-B9FE-B1A800D21BC2}.Release|Any CPU.ActiveCfg = Release|Any CPU
		{A439ACC3-5317-4A53-B9FE-B1A800D21BC2}.Release|Any CPU.Build.0 = Release|Any CPU
	EndGlobalSection
	GlobalSection(SolutionProperties) = preSolution
		HideSolutionNode = FALSE
	EndGlobalSection
	GlobalSection(ExtensibilityGlobals) = postSolution
		SolutionGuid = {5953E937-6672-49EE-8D47-3D90314085FD}
	EndGlobalSection
EndGlobal
